<?xml version="1.0" encoding="utf-8"?>
<Project ToolsVersion="4.0" xmlns="http://schemas.microsoft.com/developer/msbuild/2003">
  <ItemGroup>
    <ClCompile Include="main.cpp" />
    <ClCompile Include="FundLibs\BarakWinHelper\Barak.cpp" />
    <ClCompile Include="FundLibs\BarakWinHelper\HelperGL\glad.c" />
    <ClCompile Include="FundLibs\BarakWinHelper\HelperGL\HelperGL.cpp" />
    <ClCompile Include="FundLibs\BarakWinHelper\Win\Keys.cpp" />
    <ClCompile Include="FundLibs\BarakWinHelper\Win\win.cpp" />
    <ClCompile Include="FundLibs\FileHelper\FileHelper.cpp" />
    <ClCompile Include="FundLibs\ObjectsGL\Shader.cpp" />
    <ClCompile Include="SVO.cpp" />
    <ClCompile Include="Simplex.cpp" />
  </ItemGroup>
  <ItemGroup>
    <ClInclude Include="FundLibs\BarakWinHelper\Barak.h" />
    <ClInclude Include="FundLibs\BarakWinHelper\HelperGL\HelperGL.h" />
    <ClInclude Include="FundLibs\BarakWinHelper\Win\Keys.h" />
    <ClInclude Include="FundLibs\BarakWinHelper\Win\win.h" />
    <ClInclude Include="FundLibs\FileHelper\FileHelper.hpp" />
    <ClInclude Include="FundLibs\ObjectsGL\Shader.h" />
    <ClInclude Include="SVO.h" />
    <ClInclude Include="Simplex.h" />
  </ItemGroup>
  <ItemGroup>
    <None Include="Shaders\main.frag.glsl" />
    <None Include="Shaders\main.vert.glsl" />
  </ItemGroup>
</Project>